
Microsoft Visual Studio Solution File, Format Version 12.00
# Visual Studio Version 17
VisualStudioVersion = 17.4.33213.308
MinimumVisualStudioVersion = 10.0.40219.1
Project("{FAE04EC0-301F-11D3-BF4B-00C04F79EFBC}") = "ToDoList", "ToDoList.csproj", "{840E0CB2-4929-4A66-BA31-1D4B431CACCE}"
EndProject
Global
	GlobalSection(SolutionConfigurationPlatforms) = preSolution
		Debug|Any CPU = Debug|Any CPU
		Release|Any CPU = Release|Any CPU
	EndGlobalSection
	GlobalSection(ProjectConfigurationPlatforms) = postSolution
		{840E0CB2-4929-4A66-BA31-1D4B431CACCE}.Debug|Any CPU.ActiveCfg = Debug|Any CPU
		{840E0CB2-4929-4A66-BA31-1D4B431CACCE}.Debug|Any CPU.Build.0 = Debug|Any CPU
		{840E0CB2-4929-4A66-BA31-1D4B431CACCE}.Release|Any CPU.ActiveCfg = Release|Any CPU
		{840E0CB2-4929-4A66-BA31-1D4B431CACCE}.Release|Any CPU.Build.0 = Release|Any CPU
	EndGlobalSection
	GlobalSection(SolutionProperties) = preSolution
		HideSolutionNode = FALSE
	EndGlobalSection
	GlobalSection(ExtensibilityGlobals) = postSolution
		SolutionGuid = {75D45AD8-C3BA-49B3-8A4F-6EF20E06988F}
	EndGlobalSection
EndGlobal
